
Microsoft Visual Studio Solution File, Format Version 12.00
# Visual Studio Version 17
VisualStudioVersion = 17.11.35327.3
MinimumVisualStudioVersion = 10.0.40219.1
Project("{FAE04EC0-301F-11D3-BF4B-00C04F79EFBC}") = "ExamenFinalProgra3", "ExamenFinalProgra3\ExamenFinalProgra3.csproj", "{6AABE488-9009-41F8-B542-AD5BEBA7BABA}"
EndProject
Global
	GlobalSection(SolutionConfigurationPlatforms) = preSolution
		Debug|Any CPU = Debug|Any CPU
		Release|Any CPU = Release|Any CPU
	EndGlobalSection
	GlobalSection(ProjectConfigurationPlatforms) = postSolution
		{6AABE488-9009-41F8-B542-AD5BEBA7BABA}.Debug|Any CPU.ActiveCfg = Debug|Any CPU
		{6AABE488-9009-41F8-B542-AD5BEBA7BABA}.Debug|Any CPU.Build.0 = Debug|Any CPU
		{6AABE488-9009-41F8-B542-AD5BEBA7BABA}.Release|Any CPU.ActiveCfg = Release|Any CPU
		{6AABE488-9009-41F8-B542-AD5BEBA7BABA}.Release|Any CPU.Build.0 = Release|Any CPU
	EndGlobalSection
	GlobalSection(SolutionProperties) = preSolution
		HideSolutionNode = FALSE
	EndGlobalSection
	GlobalSection(ExtensibilityGlobals) = postSolution
		SolutionGuid = {D03087C0-A61C-490D-B9EE-FAA3F6CABD8B}
	EndGlobalSection
EndGlobal
